// !$*UTF8*$!
{
	archiveVersion = 1;
	classes = {
	};
	objectVersion = 46;
	objects = {

/* Begin PBXBuildFile section */
		B2CEA1E11C5269DE004BD638 /* AppDelegate.swift in Sources */ = {isa = PBXBuildFile; fileRef = B2CEA1E01C5269DE004BD638 /* AppDelegate.swift */; };
		B2CEA1E31C5269DE004BD638 /* ViewController.swift in Sources */ = {isa = PBXBuildFile; fileRef = B2CEA1E21C5269DE004BD638 /* ViewController.swift */; };
		B2CEA1E61C5269DE004BD638 /* Main.storyboard in Resources */ = {isa = PBXBuildFile; fileRef = B2CEA1E41C5269DE004BD638 /* Main.storyboard */; };
		B2CEA1E81C5269DE004BD638 /* Assets.xcassets in Resources */ = {isa = PBXBuildFile; fileRef = B2CEA1E71C5269DE004BD638 /* Assets.xcassets */; };
		B2CEA1EB1C5269DE004BD638 /* LaunchScreen.storyboard in Resources */ = {isa = PBXBuildFile; fileRef = B2CEA1E91C5269DE004BD638 /* LaunchScreen.storyboard */; };
/* End PBXBuildFile section */

/* Begin PBXFileReference section */
		B2CEA1DD1C5269DE004BD638 /* jgchoi.lab1.app */ = {isa = PBXFileReference; explicitFileType = wrapper.application; includeInIndex = 0; path = jgchoi.lab1.app; sourceTree = BUILT_PRODUCTS_DIR; };
		B2CEA1E01C5269DE004BD638 /* AppDelegate.swift */ = {isa = PBXFileReference; lastKnownFileType = sourcecode.swift; path = AppDelegate.swift; sourceTree = "<group>"; };
		B2CEA1E21C5269DE004BD638 /* ViewController.swift */ = {isa = PBXFileReference; lastKnownFileType = sourcecode.swift; path = ViewController.swift; sourceTree = "<group>"; };
		B2CEA1E51C5269DE004BD638 /* Base */ = {isa = PBXFileReference; lastKnownFileType = file.storyboard; name = Base; path = Base.lproj/Main.storyboard; sourceTree = "<group>"; };
		B2CEA1E71C5269DE004BD638 /* Assets.xcassets */ = {isa = PBXFileReference; lastKnownFileType = folder.assetcatalog; path = Assets.xcassets; sourceTree = "<group>"; };
		B2CEA1EA1C5269DE004BD638 /* Base */ = {isa = PBXFileReference; lastKnownFileType = file.storyboard; name = Base; path = Base.lproj/LaunchScreen.storyboard; sourceTree = "<group>"; };
		B2CEA1EC1C5269DE004BD638 /* Info.plist */ = {isa = PBXFileReference; lastKnownFileType = text.plist.xml; path = Info.plist; sourceTree = "<group>"; };
/* End PBXFileReference section */

/* Begin PBXFrameworksBuildPhase section */
		B2CEA1DA1C5269DE004BD638 /* Frameworks */ = {
			isa = PBXFrameworksBuildPhase;
			buildActionMask = 2147483647;
			files = (
			);
			runOnlyForDeploymentPostprocessing = 0;
		};
/* End PBXFrameworksBuildPhase section */

/* Begin PBXGroup section */
		B2CEA1D41C5269DE004BD638 = {
			isa = PBXGroup;
			children = (
				B2CEA1DF1C5269DE004BD638 /* jgchoi.lab1 */,
				B2CEA1DE1C5269DE004BD638 /* Products */,
			);
			sourceTree = "<group>";
		};
		B2CEA1DE1C5269DE004BD638 /* Products */ = {
			isa = PBXGroup;
			children = (
				B2CEA1DD1C5269DE004BD638 /* jgchoi.lab1.app */,
			);
			name = Products;
			sourceTree = "<group>";
		};
		B2CEA1DF1C5269DE004BD638 /* jgchoi.lab1 */ = {
			isa = PBXGroup;
			children = (
				B2CEA1E01C5269DE004BD638 /* AppDelegate.swift */,
				B2CEA1E21C5269DE004BD638 /* ViewController.swift */,
				B2CEA1E41C5269DE004BD638 /* Main.storyboard */,
				B2CEA1E71C5269DE004BD638 /* Assets.xcassets */,
				B2CEA1E91C5269DE004BD638 /* LaunchScreen.storyboard */,
				B2CEA1EC1C5269DE004BD638 /* Info.plist */,
			);
			path = jgchoi.lab1;
			sourceTree = "<group>";
		};
/* End PBXGroup section */

/* Begin PBXNativeTarget section */
		B2CEA1DC1C5269DE004BD638 /* jgchoi.lab1 */ = {
			isa = PBXNativeTarget;
			buildConfigurationList = B2CEA1EF1C5269DE004BD638 /* Build configuration list for PBXNativeTarget "jgchoi.lab1" */;
			buildPhases = (
				B2CEA1D91C5269DE004BD638 /* Sources */,
				B2CEA1DA1C5269DE004BD638 /* Frameworks */,
				B2CEA1DB1C5269DE004BD638 /* Resources */,
			);
			buildRules = (
			);
			dependencies = (
			);
			name = jgchoi.lab1;
			productName = jgchoi.lab1;
			productReference = B2CEA1DD1C5269DE004BD638 /* jgchoi.lab1.app */;
			productType = "com.apple.product-type.application";
		};
/* End PBXNativeTarget section */

/* Begin PBXProject section */
		B2CEA1D51C5269DE004BD638 /* Project object */ = {
			isa = PBXProject;
			attributes = {
				LastSwiftUpdateCheck = 0720;
				LastUpgradeCheck = 0720;
				ORGANIZATIONNAME = "Jung Geon Choi";
				TargetAttributes = {
					B2CEA1DC1C5269DE004BD638 = {
						CreatedOnToolsVersion = 7.2;
					};
				};
			};
			buildConfigurationList = B2CEA1D81C5269DE004BD638 /* Build configuration list for PBXProject "jgchoi.lab1" */;
			compatibilityVersion = "Xcode 3.2";
			developmentRegion = English;
			hasScannedForEncodings = 0;
			knownRegions = (
				en,
				Base,
			);
			mainGroup = B2CEA1D41C5269DE004BD638;
			productRefGroup = B2CEA1DE1C5269DE004BD638 /* Products */;
			projectDirPath = "";
			projectRoot = "";
			targets = (
				B2CEA1DC1C5269DE004BD638 /* jgchoi.lab1 */,
			);
		};
/* End PBXProject section */

/* Begin PBXResourcesBuildPhase section */
		B2CEA1DB1C5269DE004BD638 /* Resources */ = {
			isa = PBXResourcesBuildPhase;
			buildActionMask = 2147483647;
			files = (
				B2CEA1EB1C5269DE004BD638 /* LaunchScreen.storyboard in Resources */,
				B2CEA1E81C5269DE004BD638 /* Assets.xcassets in Resources */,
				B2CEA1E61C5269DE004BD638 /* Main.storyboard in Resources */,
			);
			runOnlyForDeploymentPostprocessing = 0;
		};
/* End PBXResourcesBuildPhase section */

/* Begin PBXSourcesBuildPhase section */
		B2CEA1D91C5269DE004BD638 /* Sources */ = {
			isa = PBXSourcesBuildPhase;
			buildActionMask = 2147483647;
			files = (
				B2CEA1E31C5269DE004BD638 /* ViewController.swift in Sources */,
				B2CEA1E11C5269DE004BD638 /* AppDelegate.swift in Sources */,
			);
			runOnlyForDeploymentPostprocessing = 0;
		};
/* End PBXSourcesBuildPhase section */

/* Begin PBXVariantGroup section */
		B2CEA1E41C5269DE004BD638 /* Main.storyboard */ = {
			isa = PBXVariantGroup;
			children = (
				B2CEA1E51C5269DE004BD638 /* Base */,
			);
			name = Main.storyboard;
			sourceTree = "<group>";
		};
		B2CEA1E91C5269DE004BD638 /* LaunchScreen.storyboard */ = {
			isa = PBXVariantGroup;
			children = (
				B2CEA1EA1C5269DE004BD638 /* Base */,
			);
			name = LaunchScreen.storyboard;
			sourceTree = "<group>";
		};
/* End PBXVariantGroup section */

/* Begin XCBuildConfiguration section */
		B2CEA1ED1C5269DE004BD638 /* Debug */ = {
			isa = XCBuildConfiguration;
			buildSettings = {
				ALWAYS_SEARCH_USER_PATHS = NO;
				CLANG_CXX_LANGUAGE_STANDARD = "gnu++0x";
				CLANG_CXX_LIBRARY = "libc++";
				CLANG_ENABLE_MODULES = YES;
				CLANG_ENABLE_OBJC_ARC = YES;
				CLANG_WARN_BOOL_CONVERSION = YES;
				CLANG_WARN_CONSTANT_CONVERSION = YES;
				CLANG_WARN_DIRECT_OBJC_ISA_USAGE = YES_ERROR;
				CLANG_WARN_EMPTY_BODY = YES;
				CLANG_WARN_ENUM_CONVERSION = YES;
				CLANG_WARN_INT_CONVERSION = YES;
				CLANG_WARN_OBJC_ROOT_CLASS = YES_ERROR;
				CLANG_WARN_UNREACHABLE_CODE = YES;
				CLANG_WARN__DUPLICATE_METHOD_MATCH = YES;
				"CODE_SIGN_IDENTITY[sdk=iphoneos*]" = "iPhone Developer";
				COPY_PHASE_STRIP = NO;
				DEBUG_INFORMATION_FORMAT = dwarf;
				ENABLE_STRICT_OBJC_MSGSEND = YES;
				ENABLE_TESTABILITY = YES;
				GCC_C_LANGUAGE_STANDARD = gnu99;
				GCC_DYNAMIC_NO_PIC = NO;
				GCC_NO_COMMON_BLOCKS = YES;
				GCC_OPTIMIZATION_LEVEL = 0;
				GCC_PREPROCESSOR_DEFINITIONS = (
					"DEBUG=1",
					"$(inherited)",
				);
				GCC_WARN_64_TO_32_BIT_CONVERSION = YES;
				GCC_WARN_ABOUT_RETURN_TYPE = YES_ERROR;
				GCC_WARN_UNDECLARED_SELECTOR = YES;
				GCC_WARN_UNINITIALIZED_AUTOS = YES_AGGRESSIVE;
				GCC_WARN_UNUSED_FUNCTION = YES;
				GCC_WARN_UNUSED_VARIABLE = YES;
				IPHONEOS_DEPLOYMENT_TARGET = 9.2;
				MTL_ENABLE_DEBUG_INFO = YES;
				ONLY_ACTIVE_ARCH = YES;
				SDKROOT = iphoneos;
				SWIFT_OPTIMIZATION_LEVEL = "-Onone";
			};
			name = Debug;
		};
		B2CEA1EE1C5269DE004BD638 /* Release */ = {
			isa = XCBuildConfiguration;
			buildSettings = {
				ALWAYS_SEARCH_USER_PATHS = NO;
				CLANG_CXX_LANGUAGE_STANDARD = "gnu++0x";
				CLANG_CXX_LIBRARY = "libc++";
				CLANG_ENABLE_MODULES = YES;
				CLANG_ENABLE_OBJC_ARC = YES;
				CLANG_WARN_BOOL_CONVERSION = YES;
				CLANG_WARN_CONSTANT_CONVERSION = YES;
				CLANG_WARN_DIRECT_OBJC_ISA_USAGE = YES_ERROR;
				CLANG_WARN_EMPTY_BODY = YES;
				CLANG_WARN_ENUM_CONVERSION = YES;
				CLANG_WARN_INT_CONVERSION = YES;
				CLANG_WARN_OBJC_ROOT_CLASS = YES_ERROR;
				CLANG_WARN_UNREACHABLE_CODE = YES;
				CLANG_WARN__DUPLICATE_METHOD_MATCH = YES;
				"CODE_SIGN_IDENTITY[sdk=iphoneos*]" = "iPhone Developer";
				COPY_PHASE_STRIP = NO;
				DEBUG_INFORMATION_FORMAT = "dwarf-with-dsym";
				ENABLE_NS_ASSERTIONS = NO;
				ENABLE_STRICT_OBJC_MSGSEND = YES;
				GCC_C_LANGUAGE_STANDARD = gnu99;
				GCC_NO_COMMON_BLOCKS = YES;
				GCC_WARN_64_TO_32_BIT_CONVERSION = YES;
				GCC_WARN_ABOUT_RETURN_TYPE = YES_ERROR;
				GCC_WARN_UNDECLARED_SELECTOR = YES;
				GCC_WARN_UNINITIALIZED_AUTOS = YES_AGGRESSIVE;
				GCC_WARN_UNUSED_FUNCTION = YES;
				GCC_WARN_UNUSED_VARIABLE = YES;
				IPHONEOS_DEPLOYMENT_TARGET = 9.2;
				MTL_ENABLE_DEBUG_INFO = NO;
				SDKROOT = iphoneos;
				VALIDATE_PRODUCT = YES;
			};
			name = Release;
		};
		B2CEA1F01C5269DE004BD638 /* Debug */ = {
			isa = XCBuildConfiguration;
			buildSettings = {
				ASSETCATALOG_COMPILER_APPICON_NAME = AppIcon;
				INFOPLIST_FILE = jgchoi.lab1/Info.plist;
				LD_RUNPATH_SEARCH_PATHS = "$(inherited) @executable_path/Frameworks";
				PRODUCT_BUNDLE_IDENTIFIER = "jg.choi.jgchoi-lab1";
				PRODUCT_NAME = "$(TARGET_NAME)";
			};
			name = Debug;
		};
		B2CEA1F11C5269DE004BD638 /* Release */ = {
			isa = XCBuildConfiguration;
			buildSettings = {
				ASSETCATALOG_COMPILER_APPICON_NAME = AppIcon;
				INFOPLIST_FILE = jgchoi.lab1/Info.plist;
				LD_RUNPATH_SEARCH_PATHS = "$(inherited) @executable_path/Frameworks";
				PRODUCT_BUNDLE_IDENTIFIER = "jg.choi.jgchoi-lab1";
				PRODUCT_NAME = "$(TARGET_NAME)";
			};
			name = Release;
		};
/* End XCBuildConfiguration section */

/* Begin XCConfigurationList section */
		B2CEA1D81C5269DE004BD638 /* Build configuration list for PBXProject "jgchoi.lab1" */ = {
			isa = XCConfigurationList;
			buildConfigurations = (
				B2CEA1ED1C5269DE004BD638 /* Debug */,
				B2CEA1EE1C5269DE004BD638 /* Release */,
			);
			defaultConfigurationIsVisible = 0;
			defaultConfigurationName = Release;
		};
		B2CEA1EF1C5269DE004BD638 /* Build configuration list for PBXNativeTarget "jgchoi.lab1" */ = {
			isa = XCConfigurationList;
			buildConfigurations = (
				B2CEA1F01C5269DE004BD638 /* Debug */,
				B2CEA1F11C5269DE004BD638 /* Release */,
			);
			defaultConfigurationIsVisible = 0;
		};
/* End XCConfigurationList section */
	};
	rootObject = B2CEA1D51C5269DE004BD638 /* Project object */;
}
