// !$*UTF8*$!
{
	archiveVersion = 1;
	classes = {
	};
	objectVersion = 46;
	objects = {

/* Begin PBXBuildFile section */
		B21136461C92F7F5007F5CC1 /* AppDelegate.swift in Sources */ = {isa = PBXBuildFile; fileRef = B21136451C92F7F5007F5CC1 /* AppDelegate.swift */; };
		B21136481C92F7F5007F5CC1 /* ViewController.swift in Sources */ = {isa = PBXBuildFile; fileRef = B21136471C92F7F5007F5CC1 /* ViewController.swift */; };
		B211364B1C92F7F5007F5CC1 /* Main.storyboard in Resources */ = {isa = PBXBuildFile; fileRef = B21136491C92F7F5007F5CC1 /* Main.storyboard */; };
		B211364D1C92F7F5007F5CC1 /* Assets.xcassets in Resources */ = {isa = PBXBuildFile; fileRef = B211364C1C92F7F5007F5CC1 /* Assets.xcassets */; };
		B21136501C92F7F5007F5CC1 /* LaunchScreen.storyboard in Resources */ = {isa = PBXBuildFile; fileRef = B211364E1C92F7F5007F5CC1 /* LaunchScreen.storyboard */; };
/* End PBXBuildFile section */

/* Begin PBXFileReference section */
		B21136421C92F7F5007F5CC1 /* jgchoi_PARTA.app */ = {isa = PBXFileReference; explicitFileType = wrapper.application; includeInIndex = 0; path = jgchoi_PARTA.app; sourceTree = BUILT_PRODUCTS_DIR; };
		B21136451C92F7F5007F5CC1 /* AppDelegate.swift */ = {isa = PBXFileReference; lastKnownFileType = sourcecode.swift; path = AppDelegate.swift; sourceTree = "<group>"; };
		B21136471C92F7F5007F5CC1 /* ViewController.swift */ = {isa = PBXFileReference; lastKnownFileType = sourcecode.swift; path = ViewController.swift; sourceTree = "<group>"; };
		B211364A1C92F7F5007F5CC1 /* Base */ = {isa = PBXFileReference; lastKnownFileType = file.storyboard; name = Base; path = Base.lproj/Main.storyboard; sourceTree = "<group>"; };
		B211364C1C92F7F5007F5CC1 /* Assets.xcassets */ = {isa = PBXFileReference; lastKnownFileType = folder.assetcatalog; path = Assets.xcassets; sourceTree = "<group>"; };
		B211364F1C92F7F5007F5CC1 /* Base */ = {isa = PBXFileReference; lastKnownFileType = file.storyboard; name = Base; path = Base.lproj/LaunchScreen.storyboard; sourceTree = "<group>"; };
		B21136511C92F7F5007F5CC1 /* Info.plist */ = {isa = PBXFileReference; lastKnownFileType = text.plist.xml; path = Info.plist; sourceTree = "<group>"; };
/* End PBXFileReference section */

/* Begin PBXFrameworksBuildPhase section */
		B211363F1C92F7F5007F5CC1 /* Frameworks */ = {
			isa = PBXFrameworksBuildPhase;
			buildActionMask = 2147483647;
			files = (
			);
			runOnlyForDeploymentPostprocessing = 0;
		};
/* End PBXFrameworksBuildPhase section */

/* Begin PBXGroup section */
		B21136391C92F7F5007F5CC1 = {
			isa = PBXGroup;
			children = (
				B21136441C92F7F5007F5CC1 /* jgchoi_PARTA */,
				B21136431C92F7F5007F5CC1 /* Products */,
			);
			sourceTree = "<group>";
		};
		B21136431C92F7F5007F5CC1 /* Products */ = {
			isa = PBXGroup;
			children = (
				B21136421C92F7F5007F5CC1 /* jgchoi_PARTA.app */,
			);
			name = Products;
			sourceTree = "<group>";
		};
		B21136441C92F7F5007F5CC1 /* jgchoi_PARTA */ = {
			isa = PBXGroup;
			children = (
				B21136451C92F7F5007F5CC1 /* AppDelegate.swift */,
				B21136471C92F7F5007F5CC1 /* ViewController.swift */,
				B21136491C92F7F5007F5CC1 /* Main.storyboard */,
				B211364C1C92F7F5007F5CC1 /* Assets.xcassets */,
				B211364E1C92F7F5007F5CC1 /* LaunchScreen.storyboard */,
				B21136511C92F7F5007F5CC1 /* Info.plist */,
			);
			path = jgchoi_PARTA;
			sourceTree = "<group>";
		};
/* End PBXGroup section */

/* Begin PBXNativeTarget section */
		B21136411C92F7F5007F5CC1 /* jgchoi_PARTA */ = {
			isa = PBXNativeTarget;
			buildConfigurationList = B21136541C92F7F5007F5CC1 /* Build configuration list for PBXNativeTarget "jgchoi_PARTA" */;
			buildPhases = (
				B211363E1C92F7F5007F5CC1 /* Sources */,
				B211363F1C92F7F5007F5CC1 /* Frameworks */,
				B21136401C92F7F5007F5CC1 /* Resources */,
			);
			buildRules = (
			);
			dependencies = (
			);
			name = jgchoi_PARTA;
			productName = jgchoi_PARTA;
			productReference = B21136421C92F7F5007F5CC1 /* jgchoi_PARTA.app */;
			productType = "com.apple.product-type.application";
		};
/* End PBXNativeTarget section */

/* Begin PBXProject section */
		B211363A1C92F7F5007F5CC1 /* Project object */ = {
			isa = PBXProject;
			attributes = {
				LastSwiftUpdateCheck = 0720;
				LastUpgradeCheck = 0720;
				ORGANIZATIONNAME = "Jung Geon Choi";
				TargetAttributes = {
					B21136411C92F7F5007F5CC1 = {
						CreatedOnToolsVersion = 7.2.1;
					};
				};
			};
			buildConfigurationList = B211363D1C92F7F5007F5CC1 /* Build configuration list for PBXProject "jgchoi_PARTA" */;
			compatibilityVersion = "Xcode 3.2";
			developmentRegion = English;
			hasScannedForEncodings = 0;
			knownRegions = (
				en,
				Base,
			);
			mainGroup = B21136391C92F7F5007F5CC1;
			productRefGroup = B21136431C92F7F5007F5CC1 /* Products */;
			projectDirPath = "";
			projectRoot = "";
			targets = (
				B21136411C92F7F5007F5CC1 /* jgchoi_PARTA */,
			);
		};
/* End PBXProject section */

/* Begin PBXResourcesBuildPhase section */
		B21136401C92F7F5007F5CC1 /* Resources */ = {
			isa = PBXResourcesBuildPhase;
			buildActionMask = 2147483647;
			files = (
				B21136501C92F7F5007F5CC1 /* LaunchScreen.storyboard in Resources */,
				B211364D1C92F7F5007F5CC1 /* Assets.xcassets in Resources */,
				B211364B1C92F7F5007F5CC1 /* Main.storyboard in Resources */,
			);
			runOnlyForDeploymentPostprocessing = 0;
		};
/* End PBXResourcesBuildPhase section */

/* Begin PBXSourcesBuildPhase section */
		B211363E1C92F7F5007F5CC1 /* Sources */ = {
			isa = PBXSourcesBuildPhase;
			buildActionMask = 2147483647;
			files = (
				B21136481C92F7F5007F5CC1 /* ViewController.swift in Sources */,
				B21136461C92F7F5007F5CC1 /* AppDelegate.swift in Sources */,
			);
			runOnlyForDeploymentPostprocessing = 0;
		};
/* End PBXSourcesBuildPhase section */

/* Begin PBXVariantGroup section */
		B21136491C92F7F5007F5CC1 /* Main.storyboard */ = {
			isa = PBXVariantGroup;
			children = (
				B211364A1C92F7F5007F5CC1 /* Base */,
			);
			name = Main.storyboard;
			sourceTree = "<group>";
		};
		B211364E1C92F7F5007F5CC1 /* LaunchScreen.storyboard */ = {
			isa = PBXVariantGroup;
			children = (
				B211364F1C92F7F5007F5CC1 /* Base */,
			);
			name = LaunchScreen.storyboard;
			sourceTree = "<group>";
		};
/* End PBXVariantGroup section */

/* Begin XCBuildConfiguration section */
		B21136521C92F7F5007F5CC1 /* Debug */ = {
			isa = XCBuildConfiguration;
			buildSettings = {
				ALWAYS_SEARCH_USER_PATHS = NO;
				CLANG_CXX_LANGUAGE_STANDARD = "gnu++0x";
				CLANG_CXX_LIBRARY = "libc++";
				CLANG_ENABLE_MODULES = YES;
				CLANG_ENABLE_OBJC_ARC = YES;
				CLANG_WARN_BOOL_CONVERSION = YES;
				CLANG_WARN_CONSTANT_CONVERSION = YES;
				CLANG_WARN_DIRECT_OBJC_ISA_USAGE = YES_ERROR;
				CLANG_WARN_EMPTY_BODY = YES;
				CLANG_WARN_ENUM_CONVERSION = YES;
				CLANG_WARN_INT_CONVERSION = YES;
				CLANG_WARN_OBJC_ROOT_CLASS = YES_ERROR;
				CLANG_WARN_UNREACHABLE_CODE = YES;
				CLANG_WARN__DUPLICATE_METHOD_MATCH = YES;
				"CODE_SIGN_IDENTITY[sdk=iphoneos*]" = "iPhone Developer";
				COPY_PHASE_STRIP = NO;
				DEBUG_INFORMATION_FORMAT = dwarf;
				ENABLE_STRICT_OBJC_MSGSEND = YES;
				ENABLE_TESTABILITY = YES;
				GCC_C_LANGUAGE_STANDARD = gnu99;
				GCC_DYNAMIC_NO_PIC = NO;
				GCC_NO_COMMON_BLOCKS = YES;
				GCC_OPTIMIZATION_LEVEL = 0;
				GCC_PREPROCESSOR_DEFINITIONS = (
					"DEBUG=1",
					"$(inherited)",
				);
				GCC_WARN_64_TO_32_BIT_CONVERSION = YES;
				GCC_WARN_ABOUT_RETURN_TYPE = YES_ERROR;
				GCC_WARN_UNDECLARED_SELECTOR = YES;
				GCC_WARN_UNINITIALIZED_AUTOS = YES_AGGRESSIVE;
				GCC_WARN_UNUSED_FUNCTION = YES;
				GCC_WARN_UNUSED_VARIABLE = YES;
				IPHONEOS_DEPLOYMENT_TARGET = 9.2;
				MTL_ENABLE_DEBUG_INFO = YES;
				ONLY_ACTIVE_ARCH = YES;
				SDKROOT = iphoneos;
				SWIFT_OPTIMIZATION_LEVEL = "-Onone";
			};
			name = Debug;
		};
		B21136531C92F7F5007F5CC1 /* Release */ = {
			isa = XCBuildConfiguration;
			buildSettings = {
				ALWAYS_SEARCH_USER_PATHS = NO;
				CLANG_CXX_LANGUAGE_STANDARD = "gnu++0x";
				CLANG_CXX_LIBRARY = "libc++";
				CLANG_ENABLE_MODULES = YES;
				CLANG_ENABLE_OBJC_ARC = YES;
				CLANG_WARN_BOOL_CONVERSION = YES;
				CLANG_WARN_CONSTANT_CONVERSION = YES;
				CLANG_WARN_DIRECT_OBJC_ISA_USAGE = YES_ERROR;
				CLANG_WARN_EMPTY_BODY = YES;
				CLANG_WARN_ENUM_CONVERSION = YES;
				CLANG_WARN_INT_CONVERSION = YES;
				CLANG_WARN_OBJC_ROOT_CLASS = YES_ERROR;
				CLANG_WARN_UNREACHABLE_CODE = YES;
				CLANG_WARN__DUPLICATE_METHOD_MATCH = YES;
				"CODE_SIGN_IDENTITY[sdk=iphoneos*]" = "iPhone Developer";
				COPY_PHASE_STRIP = NO;
				DEBUG_INFORMATION_FORMAT = "dwarf-with-dsym";
				ENABLE_NS_ASSERTIONS = NO;
				ENABLE_STRICT_OBJC_MSGSEND = YES;
				GCC_C_LANGUAGE_STANDARD = gnu99;
				GCC_NO_COMMON_BLOCKS = YES;
				GCC_WARN_64_TO_32_BIT_CONVERSION = YES;
				GCC_WARN_ABOUT_RETURN_TYPE = YES_ERROR;
				GCC_WARN_UNDECLARED_SELECTOR = YES;
				GCC_WARN_UNINITIALIZED_AUTOS = YES_AGGRESSIVE;
				GCC_WARN_UNUSED_FUNCTION = YES;
				GCC_WARN_UNUSED_VARIABLE = YES;
				IPHONEOS_DEPLOYMENT_TARGET = 9.2;
				MTL_ENABLE_DEBUG_INFO = NO;
				SDKROOT = iphoneos;
				VALIDATE_PRODUCT = YES;
			};
			name = Release;
		};
		B21136551C92F7F5007F5CC1 /* Debug */ = {
			isa = XCBuildConfiguration;
			buildSettings = {
				ASSETCATALOG_COMPILER_APPICON_NAME = AppIcon;
				INFOPLIST_FILE = jgchoi_PARTA/Info.plist;
				IPHONEOS_DEPLOYMENT_TARGET = 9.1;
				LD_RUNPATH_SEARCH_PATHS = "$(inherited) @executable_path/Frameworks";
				PRODUCT_BUNDLE_IDENTIFIER = "jg.choi.jgchoi-PARTA";
				PRODUCT_NAME = "$(TARGET_NAME)";
			};
			name = Debug;
		};
		B21136561C92F7F5007F5CC1 /* Release */ = {
			isa = XCBuildConfiguration;
			buildSettings = {
				ASSETCATALOG_COMPILER_APPICON_NAME = AppIcon;
				INFOPLIST_FILE = jgchoi_PARTA/Info.plist;
				IPHONEOS_DEPLOYMENT_TARGET = 9.1;
				LD_RUNPATH_SEARCH_PATHS = "$(inherited) @executable_path/Frameworks";
				PRODUCT_BUNDLE_IDENTIFIER = "jg.choi.jgchoi-PARTA";
				PRODUCT_NAME = "$(TARGET_NAME)";
			};
			name = Release;
		};
/* End XCBuildConfiguration section */

/* Begin XCConfigurationList section */
		B211363D1C92F7F5007F5CC1 /* Build configuration list for PBXProject "jgchoi_PARTA" */ = {
			isa = XCConfigurationList;
			buildConfigurations = (
				B21136521C92F7F5007F5CC1 /* Debug */,
				B21136531C92F7F5007F5CC1 /* Release */,
			);
			defaultConfigurationIsVisible = 0;
			defaultConfigurationName = Release;
		};
		B21136541C92F7F5007F5CC1 /* Build configuration list for PBXNativeTarget "jgchoi_PARTA" */ = {
			isa = XCConfigurationList;
			buildConfigurations = (
				B21136551C92F7F5007F5CC1 /* Debug */,
				B21136561C92F7F5007F5CC1 /* Release */,
			);
			defaultConfigurationIsVisible = 0;
		};
/* End XCConfigurationList section */
	};
	rootObject = B211363A1C92F7F5007F5CC1 /* Project object */;
}
